
Microsoft Visual Studio Solution File, Format Version 12.00
# Visual Studio Version 17
VisualStudioVersion = 17.2.32505.173
MinimumVisualStudioVersion = 10.0.40219.1
Project("{FAE04EC0-301F-11D3-BF4B-00C04F79EFBC}") = "DeviceTenantFinder", "DeviceTenantFinder\DeviceTenantFinder.csproj", "{CD60FB1F-1547-4795-9279-F80791709017}"
EndProject
Global
	GlobalSection(SolutionConfigurationPlatforms) = preSolution
		Debug|Any CPU = Debug|Any CPU
		Release|Any CPU = Release|Any CPU
	EndGlobalSection
	GlobalSection(ProjectConfigurationPlatforms) = postSolution
		{CD60FB1F-1547-4795-9279-F80791709017}.Debug|Any CPU.ActiveCfg = Debug|Any CPU
		{CD60FB1F-1547-4795-9279-F80791709017}.Debug|Any CPU.Build.0 = Debug|Any CPU
		{CD60FB1F-1547-4795-9279-F80791709017}.Release|Any CPU.ActiveCfg = Release|Any CPU
		{CD60FB1F-1547-4795-9279-F80791709017}.Release|Any CPU.Build.0 = Release|Any CPU
	EndGlobalSection
	GlobalSection(SolutionProperties) = preSolution
		HideSolutionNode = FALSE
	EndGlobalSection
	GlobalSection(ExtensibilityGlobals) = postSolution
		SolutionGuid = {1382B125-ECC2-4D0D-85C4-04F0AFCD056D}
	EndGlobalSection
EndGlobal
