
Microsoft Visual Studio Solution File, Format Version 12.00
# Visual Studio Version 16
VisualStudioVersion = 16.0.30907.101
MinimumVisualStudioVersion = 10.0.40219.1
Project("{9A19103F-16F7-4668-BE54-9A1E7A4F7556}") = "SetIoTCentralPropsForDeviceGroup", "SetIoTCentralPropsForDeviceGroup\SetIoTCentralPropsForDeviceGroup.csproj", "{FCA491DB-96F5-4FDD-AE7A-BC52D6D41F28}"
EndProject
Global
	GlobalSection(SolutionConfigurationPlatforms) = preSolution
		Debug|Any CPU = Debug|Any CPU
		Release|Any CPU = Release|Any CPU
	EndGlobalSection
	GlobalSection(ProjectConfigurationPlatforms) = postSolution
		{FCA491DB-96F5-4FDD-AE7A-BC52D6D41F28}.Debug|Any CPU.ActiveCfg = Debug|Any CPU
		{FCA491DB-96F5-4FDD-AE7A-BC52D6D41F28}.Debug|Any CPU.Build.0 = Debug|Any CPU
		{FCA491DB-96F5-4FDD-AE7A-BC52D6D41F28}.Release|Any CPU.ActiveCfg = Release|Any CPU
		{FCA491DB-96F5-4FDD-AE7A-BC52D6D41F28}.Release|Any CPU.Build.0 = Release|Any CPU
	EndGlobalSection
	GlobalSection(SolutionProperties) = preSolution
		HideSolutionNode = FALSE
	EndGlobalSection
	GlobalSection(ExtensibilityGlobals) = postSolution
		SolutionGuid = {07135BEA-B724-4892-8689-4B4DBFF50388}
	EndGlobalSection
EndGlobal
