
Microsoft Visual Studio Solution File, Format Version 12.00
# Visual Studio 15
VisualStudioVersion = 15.0.28307.757
MinimumVisualStudioVersion = 10.0.40219.1
Project("{FAE04EC0-301F-11D3-BF4B-00C04F79EFBC}") = "PcUdpLogReceiver", "PcUdpLogReceiver\PcUdpLogReceiver.csproj", "{8D5F5BAC-90E7-413E-9F63-3CC1E465B544}"
EndProject
Global
	GlobalSection(SolutionConfigurationPlatforms) = preSolution
		Debug|Any CPU = Debug|Any CPU
		Release|Any CPU = Release|Any CPU
	EndGlobalSection
	GlobalSection(ProjectConfigurationPlatforms) = postSolution
		{8D5F5BAC-90E7-413E-9F63-3CC1E465B544}.Debug|Any CPU.ActiveCfg = Debug|Any CPU
		{8D5F5BAC-90E7-413E-9F63-3CC1E465B544}.Debug|Any CPU.Build.0 = Debug|Any CPU
		{8D5F5BAC-90E7-413E-9F63-3CC1E465B544}.Release|Any CPU.ActiveCfg = Release|Any CPU
		{8D5F5BAC-90E7-413E-9F63-3CC1E465B544}.Release|Any CPU.Build.0 = Release|Any CPU
	EndGlobalSection
	GlobalSection(SolutionProperties) = preSolution
		HideSolutionNode = FALSE
	EndGlobalSection
	GlobalSection(ExtensibilityGlobals) = postSolution
		SolutionGuid = {E85649B0-2477-4E75-89F0-E0E43B6C7008}
	EndGlobalSection
EndGlobal
